
Microsoft Visual Studio Solution File, Format Version 12.00
# Visual Studio Version 17
VisualStudioVersion = 17.11.35312.102
MinimumVisualStudioVersion = 10.0.40219.1
Project("{FAE04EC0-301F-11D3-BF4B-00C04F79EFBC}") = "llab5", "llab5\llab5.csproj", "{4EEB6DDC-0E26-4D8F-AA92-B33F887DEE95}"
EndProject
Global
	GlobalSection(SolutionConfigurationPlatforms) = preSolution
		Debug|Any CPU = Debug|Any CPU
		Release|Any CPU = Release|Any CPU
	EndGlobalSection
	GlobalSection(ProjectConfigurationPlatforms) = postSolution
		{4EEB6DDC-0E26-4D8F-AA92-B33F887DEE95}.Debug|Any CPU.ActiveCfg = Debug|Any CPU
		{4EEB6DDC-0E26-4D8F-AA92-B33F887DEE95}.Debug|Any CPU.Build.0 = Debug|Any CPU
		{4EEB6DDC-0E26-4D8F-AA92-B33F887DEE95}.Release|Any CPU.ActiveCfg = Release|Any CPU
		{4EEB6DDC-0E26-4D8F-AA92-B33F887DEE95}.Release|Any CPU.Build.0 = Release|Any CPU
	EndGlobalSection
	GlobalSection(SolutionProperties) = preSolution
		HideSolutionNode = FALSE
	EndGlobalSection
	GlobalSection(ExtensibilityGlobals) = postSolution
		SolutionGuid = {FC37CD4E-C92E-4E99-BB00-273264B7D67B}
	EndGlobalSection
EndGlobal
